
Microsoft Visual Studio Solution File, Format Version 12.00
# Visual Studio Version 17
VisualStudioVersion = 17.8.34309.116
MinimumVisualStudioVersion = 10.0.40219.1
Project("{9A19103F-16F7-4668-BE54-9A1E7A4F7556}") = "PasswordlessAuth", "PasswordlessAuth\PasswordlessAuth.csproj", "{9511CEBE-CD64-4494-8968-9179418E24B6}"
EndProject
Project("{FAE04EC0-301F-11D3-BF4B-00C04F79EFBC}") = "PwdLessAuth", "PwdLessAuth\PwdLessAuth.csproj", "{D7F32BDA-8E2D-4579-8AA5-0FF8CC9684CB}"
EndProject
Global
	GlobalSection(SolutionConfigurationPlatforms) = preSolution
		Debug|Any CPU = Debug|Any CPU
		Release|Any CPU = Release|Any CPU
	EndGlobalSection
	GlobalSection(ProjectConfigurationPlatforms) = postSolution
		{9511CEBE-CD64-4494-8968-9179418E24B6}.Debug|Any CPU.ActiveCfg = Debug|Any CPU
		{9511CEBE-CD64-4494-8968-9179418E24B6}.Debug|Any CPU.Build.0 = Debug|Any CPU
		{9511CEBE-CD64-4494-8968-9179418E24B6}.Release|Any CPU.ActiveCfg = Release|Any CPU
		{9511CEBE-CD64-4494-8968-9179418E24B6}.Release|Any CPU.Build.0 = Release|Any CPU
		{D7F32BDA-8E2D-4579-8AA5-0FF8CC9684CB}.Debug|Any CPU.ActiveCfg = Debug|Any CPU
		{D7F32BDA-8E2D-4579-8AA5-0FF8CC9684CB}.Debug|Any CPU.Build.0 = Debug|Any CPU
		{D7F32BDA-8E2D-4579-8AA5-0FF8CC9684CB}.Release|Any CPU.ActiveCfg = Release|Any CPU
		{D7F32BDA-8E2D-4579-8AA5-0FF8CC9684CB}.Release|Any CPU.Build.0 = Release|Any CPU
	EndGlobalSection
	GlobalSection(SolutionProperties) = preSolution
		HideSolutionNode = FALSE
	EndGlobalSection
	GlobalSection(ExtensibilityGlobals) = postSolution
		SolutionGuid = {01254AB0-A99D-4B35-BCE3-8188C70E99A0}
	EndGlobalSection
EndGlobal
